
Microsoft Visual Studio Solution File, Format Version 12.00
# Visual Studio Version 16
VisualStudioVersion = 16.0.31911.196
MinimumVisualStudioVersion = 10.0.40219.1
Project("{FAE04EC0-301F-11D3-BF4B-00C04F79EFBC}") = "FrameworkInterfaces", "FrameworkInterfaces\FrameworkInterfaces.csproj", "{992485AE-BEB2-44D9-8DDD-277050B09502}"
EndProject
Project("{FAE04EC0-301F-11D3-BF4B-00C04F79EFBC}") = "FrameworkCollections", "FrameworkCollections\FrameworkCollections.csproj", "{35D030A1-D9AA-49C3-8749-19761A14EE4C}"
EndProject
Global
	GlobalSection(SolutionConfigurationPlatforms) = preSolution
		Debug|Any CPU = Debug|Any CPU
		Release|Any CPU = Release|Any CPU
	EndGlobalSection
	GlobalSection(ProjectConfigurationPlatforms) = postSolution
		{992485AE-BEB2-44D9-8DDD-277050B09502}.Debug|Any CPU.ActiveCfg = Debug|Any CPU
		{992485AE-BEB2-44D9-8DDD-277050B09502}.Debug|Any CPU.Build.0 = Debug|Any CPU
		{992485AE-BEB2-44D9-8DDD-277050B09502}.Release|Any CPU.ActiveCfg = Release|Any CPU
		{992485AE-BEB2-44D9-8DDD-277050B09502}.Release|Any CPU.Build.0 = Release|Any CPU
		{35D030A1-D9AA-49C3-8749-19761A14EE4C}.Debug|Any CPU.ActiveCfg = Debug|Any CPU
		{35D030A1-D9AA-49C3-8749-19761A14EE4C}.Debug|Any CPU.Build.0 = Debug|Any CPU
		{35D030A1-D9AA-49C3-8749-19761A14EE4C}.Release|Any CPU.ActiveCfg = Release|Any CPU
		{35D030A1-D9AA-49C3-8749-19761A14EE4C}.Release|Any CPU.Build.0 = Release|Any CPU
	EndGlobalSection
	GlobalSection(SolutionProperties) = preSolution
		HideSolutionNode = FALSE
	EndGlobalSection
	GlobalSection(ExtensibilityGlobals) = postSolution
		SolutionGuid = {C1A76F5E-5B65-4B62-85A0-BE36400467B1}
	EndGlobalSection
EndGlobal
